
Microsoft Visual Studio Solution File, Format Version 12.00
# Visual Studio Version 17
VisualStudioVersion = 17.4.33205.214
MinimumVisualStudioVersion = 10.0.40219.1
Project("{9A19103F-16F7-4668-BE54-9A1E7A4F7556}") = "LoginAndRegister", "WpfApp2\LoginAndRegister.csproj", "{B1A004F6-3270-46DF-AC96-04014888C400}"
EndProject
Global
	GlobalSection(SolutionConfigurationPlatforms) = preSolution
		Debug|Any CPU = Debug|Any CPU
		Release|Any CPU = Release|Any CPU
	EndGlobalSection
	GlobalSection(ProjectConfigurationPlatforms) = postSolution
		{B1A004F6-3270-46DF-AC96-04014888C400}.Debug|Any CPU.ActiveCfg = Debug|Any CPU
		{B1A004F6-3270-46DF-AC96-04014888C400}.Debug|Any CPU.Build.0 = Debug|Any CPU
		{B1A004F6-3270-46DF-AC96-04014888C400}.Release|Any CPU.ActiveCfg = Release|Any CPU
		{B1A004F6-3270-46DF-AC96-04014888C400}.Release|Any CPU.Build.0 = Release|Any CPU
	EndGlobalSection
	GlobalSection(SolutionProperties) = preSolution
		HideSolutionNode = FALSE
	EndGlobalSection
	GlobalSection(ExtensibilityGlobals) = postSolution
		SolutionGuid = {49ABDE42-E504-48DA-A8C1-4549133E0D95}
	EndGlobalSection
EndGlobal
